
Microsoft Visual Studio Solution File, Format Version 12.00
# Visual Studio Version 17
VisualStudioVersion = 17.8.34408.163
MinimumVisualStudioVersion = 10.0.40219.1
Project("{9A19103F-16F7-4668-BE54-9A1E7A4F7556}") = "Px.Utils", "Px.Utils\Px.Utils.csproj", "{D94934AF-6B41-4C66-818A-C4C33230E9DD}"
EndProject
Project("{2150E333-8FDC-42A3-9474-1A3956D46DE8}") = "docs", "docs", "{42DFE3AF-7507-415A-806B-99B74519BF97}"
	ProjectSection(SolutionItems) = preProject
		docs\CONTRIBUTING.md = docs\CONTRIBUTING.md
		docs\PXFILE_SPECIFICATION.md = docs\PXFILE_SPECIFICATION.md
		docs\README.md = docs\README.md
	EndProjectSection
EndProject
Project("{2150E333-8FDC-42A3-9474-1A3956D46DE8}") = ".github", ".github", "{BC1C9772-9B8F-49A7-A8F3-09E3A94789ED}"
EndProject
Project("{2150E333-8FDC-42A3-9474-1A3956D46DE8}") = "workflows", "workflows", "{EB4119B8-8292-418A-9CD3-2905DA67B889}"
	ProjectSection(SolutionItems) = preProject
		CD.yml = CD.yml
		.github\workflows\CI.yml = .github\workflows\CI.yml
		.github\workflows\SonarScan.yml = .github\workflows\SonarScan.yml
	EndProjectSection
EndProject
Project("{9A19103F-16F7-4668-BE54-9A1E7A4F7556}") = "Px.Utils.UnitTests", "Px.Utils.UnitTests\Px.Utils.UnitTests.csproj", "{D72C6067-56A5-4302-838B-41E6CA725C4F}"
	ProjectSection(ProjectDependencies) = postProject
		{D94934AF-6B41-4C66-818A-C4C33230E9DD} = {D94934AF-6B41-4C66-818A-C4C33230E9DD}
	EndProjectSection
EndProject
Project("{9A19103F-16F7-4668-BE54-9A1E7A4F7556}") = "Px.Utils.TestingApp", "Px.Utils.TestingApp\Px.Utils.TestingApp.csproj", "{0C0227EC-68EE-425D-892B-F570EC18E792}"
	ProjectSection(ProjectDependencies) = postProject
		{D94934AF-6B41-4C66-818A-C4C33230E9DD} = {D94934AF-6B41-4C66-818A-C4C33230E9DD}
	EndProjectSection
EndProject
Global
	GlobalSection(SolutionConfigurationPlatforms) = preSolution
		Debug|Any CPU = Debug|Any CPU
		Release|Any CPU = Release|Any CPU
	EndGlobalSection
	GlobalSection(ProjectConfigurationPlatforms) = postSolution
		{D94934AF-6B41-4C66-818A-C4C33230E9DD}.Debug|Any CPU.ActiveCfg = Debug|Any CPU
		{D94934AF-6B41-4C66-818A-C4C33230E9DD}.Debug|Any CPU.Build.0 = Debug|Any CPU
		{D94934AF-6B41-4C66-818A-C4C33230E9DD}.Release|Any CPU.ActiveCfg = Release|Any CPU
		{D94934AF-6B41-4C66-818A-C4C33230E9DD}.Release|Any CPU.Build.0 = Release|Any CPU
		{D72C6067-56A5-4302-838B-41E6CA725C4F}.Debug|Any CPU.ActiveCfg = Debug|Any CPU
		{D72C6067-56A5-4302-838B-41E6CA725C4F}.Debug|Any CPU.Build.0 = Debug|Any CPU
		{D72C6067-56A5-4302-838B-41E6CA725C4F}.Release|Any CPU.ActiveCfg = Release|Any CPU
		{D72C6067-56A5-4302-838B-41E6CA725C4F}.Release|Any CPU.Build.0 = Release|Any CPU
		{0C0227EC-68EE-425D-892B-F570EC18E792}.Debug|Any CPU.ActiveCfg = Debug|Any CPU
		{0C0227EC-68EE-425D-892B-F570EC18E792}.Debug|Any CPU.Build.0 = Debug|Any CPU
		{0C0227EC-68EE-425D-892B-F570EC18E792}.Release|Any CPU.ActiveCfg = Release|Any CPU
		{0C0227EC-68EE-425D-892B-F570EC18E792}.Release|Any CPU.Build.0 = Release|Any CPU
	EndGlobalSection
	GlobalSection(SolutionProperties) = preSolution
		HideSolutionNode = FALSE
	EndGlobalSection
	GlobalSection(NestedProjects) = preSolution
		{EB4119B8-8292-418A-9CD3-2905DA67B889} = {BC1C9772-9B8F-49A7-A8F3-09E3A94789ED}
	EndGlobalSection
	GlobalSection(ExtensibilityGlobals) = postSolution
		SolutionGuid = {B1F81A3B-9FF5-4557-8A5A-A9519C42C2B2}
	EndGlobalSection
EndGlobal
